{
  "nodes": {
    "adlist": {
      "flake": false,
      "locked": {
        "narHash": "sha256-iz0rqkhtIdHNCehQ2p2Ty24ULgsQOSLhyDzAC0XbNIg=",
        "type": "file",
        "url": "https://cdn.jsdelivr.net/gh/hydroakri/dnscrypt-proxy-blocklist@release/blocklist.txt"
      },
      "original": {
        "type": "file",
        "url": "https://cdn.jsdelivr.net/gh/hydroakri/dnscrypt-proxy-blocklist@release/blocklist.txt"
      }
    },
    "geodb": {
      "flake": false,
      "locked": {
        "lastModified": 1750630418,
        "narHash": "sha256-yUpZEaDIUZTnnupJamWuSLWQwW1SVvl+cquXdzOUFO0=",
        "owner": "Loyalsoldier",
        "repo": "v2ray-rules-dat",
        "rev": "84066b223bdf49eccffd9c21f2550b7fc49bd7ea",
        "type": "github"
      },
      "original": {
        "owner": "Loyalsoldier",
        "ref": "release",
        "repo": "v2ray-rules-dat",
        "type": "github"
      }
    },
    "home-manager": {
      "inputs": {
        "nixpkgs": [
          "nixpkgs"
        ]
      },
      "locked": {
        "lastModified": 1750614446,
        "narHash": "sha256-6WH0aRFay79r775RuTqUcnoZNm6A4uHxU1sbcNIk63s=",
        "owner": "nix-community",
        "repo": "home-manager",
        "rev": "7c35504839f915abec86a96435b881ead7eb6a2b",
        "type": "github"
      },
      "original": {
        "owner": "nix-community",
        "repo": "home-manager",
        "type": "github"
      }
    },
    "minegrub-theme": {
      "inputs": {
        "nixpkgs": "nixpkgs"
      },
      "locked": {
        "lastModified": 1742563259,
        "narHash": "sha256-OLFbGacrRFqSoqUc+pf66eb1xd0aU/crKfpiWSpJ0fw=",
        "owner": "Lxtharia",
        "repo": "minegrub-theme",
        "rev": "b1caebbd5ab96f6afbfcd735b58fab9b9d8cf54b",
        "type": "github"
      },
      "original": {
        "owner": "Lxtharia",
        "repo": "minegrub-theme",
        "type": "github"
      }
    },
    "nixpkgs": {
      "locked": {
        "lastModified": 1689850295,
        "narHash": "sha256-fUYf6WdQlhd2H+3aR8jST5dhFH1d0eE22aes8fNIfyk=",
        "owner": "NixOS",
        "repo": "nixpkgs",
        "rev": "5df4d78d54f7a34e9ea1f84a22b4fd9baebc68d0",
        "type": "github"
      },
      "original": {
        "owner": "NixOS",
        "ref": "nixos-unstable",
        "repo": "nixpkgs",
        "type": "github"
      }
    },
    "nixpkgs_2": {
      "locked": {
        "lastModified": 1750506804,
        "narHash": "sha256-VLFNc4egNjovYVxDGyBYTrvVCgDYgENp5bVi9fPTDYc=",
        "owner": "nixos",
        "repo": "nixpkgs",
        "rev": "4206c4cb56751df534751b058295ea61357bbbaa",
        "type": "github"
      },
      "original": {
        "owner": "nixos",
        "ref": "nixos-unstable",
        "repo": "nixpkgs",
        "type": "github"
      }
    },
    "root": {
      "inputs": {
        "adlist": "adlist",
        "geodb": "geodb",
        "home-manager": "home-manager",
        "minegrub-theme": "minegrub-theme",
        "nixpkgs": "nixpkgs_2"
      }
    }
  },
  "root": "root",
  "version": 7
}
